// !$*UTF8*$!
{
	archiveVersion = 1;
	classes = {
	};
	objectVersion = 55;
	objects = {

/* Begin PBXBuildFile section */
		69276AA42859FF3D00C00A3E /* AppDelegate.swift in Sources */ = {isa = PBXBuildFile; fileRef = 69276AA32859FF3D00C00A3E /* AppDelegate.swift */; };
		69276AA62859FF3D00C00A3E /* SceneDelegate.swift in Sources */ = {isa = PBXBuildFile; fileRef = 69276AA52859FF3D00C00A3E /* SceneDelegate.swift */; };
		69276AAB2859FF3D00C00A3E /* Main.storyboard in Resources */ = {isa = PBXBuildFile; fileRef = 69276AA92859FF3D00C00A3E /* Main.storyboard */; };
		69276AAD2859FF4100C00A3E /* Assets.xcassets in Resources */ = {isa = PBXBuildFile; fileRef = 69276AAC2859FF4100C00A3E /* Assets.xcassets */; };
		69276AB02859FF4100C00A3E /* LaunchScreen.storyboard in Resources */ = {isa = PBXBuildFile; fileRef = 69276AAE2859FF4100C00A3E /* LaunchScreen.storyboard */; };
		696014C9285DC19E00F61289 /* LocationService.swift in Sources */ = {isa = PBXBuildFile; fileRef = 696014C8285DC19E00F61289 /* LocationService.swift */; };
		696014CB285DC1DF00F61289 /* Observable.swift in Sources */ = {isa = PBXBuildFile; fileRef = 696014CA285DC1DF00F61289 /* Observable.swift */; };
		696014CD285DC21D00F61289 /* ObservableOptions.swift in Sources */ = {isa = PBXBuildFile; fileRef = 696014CC285DC21D00F61289 /* ObservableOptions.swift */; };
		696014CF285DC25700F61289 /* LatLng.swift in Sources */ = {isa = PBXBuildFile; fileRef = 696014CE285DC25700F61289 /* LatLng.swift */; };
		696014D1285DC2FE00F61289 /* MapPointAnnotation.swift in Sources */ = {isa = PBXBuildFile; fileRef = 696014D0285DC2FE00F61289 /* MapPointAnnotation.swift */; };
		696014D3285DC38100F61289 /* LaunchVC.swift in Sources */ = {isa = PBXBuildFile; fileRef = 696014D2285DC38100F61289 /* LaunchVC.swift */; };
		696014D5285DC3F500F61289 /* MapVC.swift in Sources */ = {isa = PBXBuildFile; fileRef = 696014D4285DC3F500F61289 /* MapVC.swift */; };
		696014D7285DC5E600F61289 /* Double-Extension.swift in Sources */ = {isa = PBXBuildFile; fileRef = 696014D6285DC5E600F61289 /* Double-Extension.swift */; };
		696014D9285DC64000F61289 /* MKMapView-Extension.swift in Sources */ = {isa = PBXBuildFile; fileRef = 696014D8285DC64000F61289 /* MKMapView-Extension.swift */; };
		696014DB285DC67900F61289 /* UIImage-extension.swift in Sources */ = {isa = PBXBuildFile; fileRef = 696014DA285DC67900F61289 /* UIImage-extension.swift */; };
		696014DD285DC6BB00F61289 /* LocationProtocol.swift in Sources */ = {isa = PBXBuildFile; fileRef = 696014DC285DC6BB00F61289 /* LocationProtocol.swift */; };
		696014DF285DC72100F61289 /* TSegue.swift in Sources */ = {isa = PBXBuildFile; fileRef = 696014DE285DC72100F61289 /* TSegue.swift */; };
		696014E3285F6C5F00F61289 /* MapKit.framework in Frameworks */ = {isa = PBXBuildFile; fileRef = 696014E2285F6C5F00F61289 /* MapKit.framework */; };
		696014E5285F6E7100F61289 /* gpxgenerator_path.gpx in Resources */ = {isa = PBXBuildFile; fileRef = 696014E4285F6E7100F61289 /* gpxgenerator_path.gpx */; };
/* End PBXBuildFile section */

/* Begin PBXFileReference section */
		69276AA02859FF3D00C00A3E /* GBFramework.app */ = {isa = PBXFileReference; explicitFileType = wrapper.application; includeInIndex = 0; path = GBFramework.app; sourceTree = BUILT_PRODUCTS_DIR; };
		69276AA32859FF3D00C00A3E /* AppDelegate.swift */ = {isa = PBXFileReference; lastKnownFileType = sourcecode.swift; path = AppDelegate.swift; sourceTree = "<group>"; };
		69276AA52859FF3D00C00A3E /* SceneDelegate.swift */ = {isa = PBXFileReference; lastKnownFileType = sourcecode.swift; path = SceneDelegate.swift; sourceTree = "<group>"; };
		69276AAA2859FF3D00C00A3E /* Base */ = {isa = PBXFileReference; lastKnownFileType = file.storyboard; name = Base; path = Base.lproj/Main.storyboard; sourceTree = "<group>"; };
		69276AAC2859FF4100C00A3E /* Assets.xcassets */ = {isa = PBXFileReference; lastKnownFileType = folder.assetcatalog; path = Assets.xcassets; sourceTree = "<group>"; };
		69276AAF2859FF4100C00A3E /* Base */ = {isa = PBXFileReference; lastKnownFileType = file.storyboard; name = Base; path = Base.lproj/LaunchScreen.storyboard; sourceTree = "<group>"; };
		69276AB12859FF4100C00A3E /* Info.plist */ = {isa = PBXFileReference; lastKnownFileType = text.plist.xml; path = Info.plist; sourceTree = "<group>"; };
		696014C8285DC19E00F61289 /* LocationService.swift */ = {isa = PBXFileReference; lastKnownFileType = sourcecode.swift; path = LocationService.swift; sourceTree = "<group>"; };
		696014CA285DC1DF00F61289 /* Observable.swift */ = {isa = PBXFileReference; lastKnownFileType = sourcecode.swift; path = Observable.swift; sourceTree = "<group>"; };
		696014CC285DC21D00F61289 /* ObservableOptions.swift */ = {isa = PBXFileReference; lastKnownFileType = sourcecode.swift; path = ObservableOptions.swift; sourceTree = "<group>"; };
		696014CE285DC25700F61289 /* LatLng.swift */ = {isa = PBXFileReference; lastKnownFileType = sourcecode.swift; path = LatLng.swift; sourceTree = "<group>"; };
		696014D0285DC2FE00F61289 /* MapPointAnnotation.swift */ = {isa = PBXFileReference; lastKnownFileType = sourcecode.swift; path = MapPointAnnotation.swift; sourceTree = "<group>"; };
		696014D2285DC38100F61289 /* LaunchVC.swift */ = {isa = PBXFileReference; lastKnownFileType = sourcecode.swift; path = LaunchVC.swift; sourceTree = "<group>"; };
		696014D4285DC3F500F61289 /* MapVC.swift */ = {isa = PBXFileReference; lastKnownFileType = sourcecode.swift; path = MapVC.swift; sourceTree = "<group>"; };
		696014D6285DC5E600F61289 /* Double-Extension.swift */ = {isa = PBXFileReference; lastKnownFileType = sourcecode.swift; path = "Double-Extension.swift"; sourceTree = "<group>"; };
		696014D8285DC64000F61289 /* MKMapView-Extension.swift */ = {isa = PBXFileReference; lastKnownFileType = sourcecode.swift; path = "MKMapView-Extension.swift"; sourceTree = "<group>"; };
		696014DA285DC67900F61289 /* UIImage-extension.swift */ = {isa = PBXFileReference; lastKnownFileType = sourcecode.swift; path = "UIImage-extension.swift"; sourceTree = "<group>"; };
		696014DC285DC6BB00F61289 /* LocationProtocol.swift */ = {isa = PBXFileReference; lastKnownFileType = sourcecode.swift; path = LocationProtocol.swift; sourceTree = "<group>"; };
		696014DE285DC72100F61289 /* TSegue.swift */ = {isa = PBXFileReference; lastKnownFileType = sourcecode.swift; path = TSegue.swift; sourceTree = "<group>"; };
		696014E2285F6C5F00F61289 /* MapKit.framework */ = {isa = PBXFileReference; lastKnownFileType = wrapper.framework; name = MapKit.framework; path = System/Library/Frameworks/MapKit.framework; sourceTree = SDKROOT; };
		696014E4285F6E7100F61289 /* gpxgenerator_path.gpx */ = {isa = PBXFileReference; fileEncoding = 4; lastKnownFileType = text.xml; path = gpxgenerator_path.gpx; sourceTree = "<group>"; };
/* End PBXFileReference section */

/* Begin PBXFrameworksBuildPhase section */
		69276A9D2859FF3D00C00A3E /* Frameworks */ = {
			isa = PBXFrameworksBuildPhase;
			buildActionMask = 2147483647;
			files = (
				696014E3285F6C5F00F61289 /* MapKit.framework in Frameworks */,
			);
			runOnlyForDeploymentPostprocessing = 0;
		};
/* End PBXFrameworksBuildPhase section */

/* Begin PBXGroup section */
		69276A972859FF3C00C00A3E = {
			isa = PBXGroup;
			children = (
				69276AA22859FF3D00C00A3E /* GBFramework */,
				69276AA12859FF3D00C00A3E /* Products */,
				696014E1285F6C5E00F61289 /* Frameworks */,
			);
			sourceTree = "<group>";
		};
		69276AA12859FF3D00C00A3E /* Products */ = {
			isa = PBXGroup;
			children = (
				69276AA02859FF3D00C00A3E /* GBFramework.app */,
			);
			name = Products;
			sourceTree = "<group>";
		};
		69276AA22859FF3D00C00A3E /* GBFramework */ = {
			isa = PBXGroup;
			children = (
				696014B9285CD0A600F61289 /* App */,
				69276AA32859FF3D00C00A3E /* AppDelegate.swift */,
				69276AA52859FF3D00C00A3E /* SceneDelegate.swift */,
				69276AA92859FF3D00C00A3E /* Main.storyboard */,
				696014BA285CD0BA00F61289 /* Core */,
				696014BB285CD0C400F61289 /* Environments */,
				696014BC285CD0DC00F61289 /* Resources */,
				69276AB12859FF4100C00A3E /* Info.plist */,
			);
			path = GBFramework;
			sourceTree = "<group>";
		};
		696014B9285CD0A600F61289 /* App */ = {
			isa = PBXGroup;
			children = (
				696014BD285CD0F700F61289 /* BusinessLogic */,
				696014BF285CD11100F61289 /* Flows */,
				696014BE285CD0FF00F61289 /* Entity */,
			);
			path = App;
			sourceTree = "<group>";
		};
		696014BA285CD0BA00F61289 /* Core */ = {
			isa = PBXGroup;
			children = (
				696014C6285DB87700F61289 /* Protocols */,
				696014C5285DB84300F61289 /* Extensions */,
			);
			path = Core;
			sourceTree = "<group>";
		};
		696014BB285CD0C400F61289 /* Environments */ = {
			isa = PBXGroup;
			children = (
				696014C7285DB8C700F61289 /* Enum */,
			);
			path = Environments;
			sourceTree = "<group>";
		};
		696014BC285CD0DC00F61289 /* Resources */ = {
			isa = PBXGroup;
			children = (
				69276AAC2859FF4100C00A3E /* Assets.xcassets */,
				696014E4285F6E7100F61289 /* gpxgenerator_path.gpx */,
				69276AAE2859FF4100C00A3E /* LaunchScreen.storyboard */,
			);
			path = Resources;
			sourceTree = "<group>";
		};
		696014BD285CD0F700F61289 /* BusinessLogic */ = {
			isa = PBXGroup;
			children = (
				696014C1285CD13C00F61289 /* Observable */,
				696014C0285CD13400F61289 /* Location */,
			);
			path = BusinessLogic;
			sourceTree = "<group>";
		};
		696014BE285CD0FF00F61289 /* Entity */ = {
			isa = PBXGroup;
			children = (
				696014CE285DC25700F61289 /* LatLng.swift */,
				696014D0285DC2FE00F61289 /* MapPointAnnotation.swift */,
			);
			path = Entity;
			sourceTree = "<group>";
		};
		696014BF285CD11100F61289 /* Flows */ = {
			isa = PBXGroup;
			children = (
				696014C2285CD15600F61289 /* Views */,
			);
			path = Flows;
			sourceTree = "<group>";
		};
		696014C0285CD13400F61289 /* Location */ = {
			isa = PBXGroup;
			children = (
				696014C8285DC19E00F61289 /* LocationService.swift */,
			);
			path = Location;
			sourceTree = "<group>";
		};
		696014C1285CD13C00F61289 /* Observable */ = {
			isa = PBXGroup;
			children = (
				696014CA285DC1DF00F61289 /* Observable.swift */,
				696014CC285DC21D00F61289 /* ObservableOptions.swift */,
			);
			path = Observable;
			sourceTree = "<group>";
		};
		696014C2285CD15600F61289 /* Views */ = {
			isa = PBXGroup;
			children = (
				696014C4285CD16900F61289 /* Map */,
				696014C3285CD16400F61289 /* Launch */,
			);
			path = Views;
			sourceTree = "<group>";
		};
		696014C3285CD16400F61289 /* Launch */ = {
			isa = PBXGroup;
			children = (
				696014D2285DC38100F61289 /* LaunchVC.swift */,
			);
			path = Launch;
			sourceTree = "<group>";
		};
		696014C4285CD16900F61289 /* Map */ = {
			isa = PBXGroup;
			children = (
				696014D4285DC3F500F61289 /* MapVC.swift */,
			);
			path = Map;
			sourceTree = "<group>";
		};
		696014C5285DB84300F61289 /* Extensions */ = {
			isa = PBXGroup;
			children = (
				696014D6285DC5E600F61289 /* Double-Extension.swift */,
				696014D8285DC64000F61289 /* MKMapView-Extension.swift */,
				696014DA285DC67900F61289 /* UIImage-extension.swift */,
			);
			path = Extensions;
			sourceTree = "<group>";
		};
		696014C6285DB87700F61289 /* Protocols */ = {
			isa = PBXGroup;
			children = (
				696014DC285DC6BB00F61289 /* LocationProtocol.swift */,
			);
			path = Protocols;
			sourceTree = "<group>";
		};
		696014C7285DB8C700F61289 /* Enum */ = {
			isa = PBXGroup;
			children = (
				696014DE285DC72100F61289 /* TSegue.swift */,
			);
			path = Enum;
			sourceTree = "<group>";
		};
		696014E1285F6C5E00F61289 /* Frameworks */ = {
			isa = PBXGroup;
			children = (
				696014E2285F6C5F00F61289 /* MapKit.framework */,
			);
			name = Frameworks;
			sourceTree = "<group>";
		};
/* End PBXGroup section */

/* Begin PBXNativeTarget section */
		69276A9F2859FF3D00C00A3E /* GBFramework */ = {
			isa = PBXNativeTarget;
			buildConfigurationList = 69276AB42859FF4100C00A3E /* Build configuration list for PBXNativeTarget "GBFramework" */;
			buildPhases = (
				69276A9C2859FF3D00C00A3E /* Sources */,
				69276A9D2859FF3D00C00A3E /* Frameworks */,
				69276A9E2859FF3D00C00A3E /* Resources */,
			);
			buildRules = (
			);
			dependencies = (
			);
			name = GBFramework;
			productName = GBFramework;
			productReference = 69276AA02859FF3D00C00A3E /* GBFramework.app */;
			productType = "com.apple.product-type.application";
		};
/* End PBXNativeTarget section */

/* Begin PBXProject section */
		69276A982859FF3C00C00A3E /* Project object */ = {
			isa = PBXProject;
			attributes = {
				BuildIndependentTargetsInParallel = 1;
				LastSwiftUpdateCheck = 1330;
				LastUpgradeCheck = 1330;
				TargetAttributes = {
					69276A9F2859FF3D00C00A3E = {
						CreatedOnToolsVersion = 13.3.1;
					};
				};
			};
			buildConfigurationList = 69276A9B2859FF3C00C00A3E /* Build configuration list for PBXProject "GBFramework" */;
			compatibilityVersion = "Xcode 13.0";
			developmentRegion = en;
			hasScannedForEncodings = 0;
			knownRegions = (
				en,
				Base,
			);
			mainGroup = 69276A972859FF3C00C00A3E;
			productRefGroup = 69276AA12859FF3D00C00A3E /* Products */;
			projectDirPath = "";
			projectRoot = "";
			targets = (
				69276A9F2859FF3D00C00A3E /* GBFramework */,
			);
		};
/* End PBXProject section */

/* Begin PBXResourcesBuildPhase section */
		69276A9E2859FF3D00C00A3E /* Resources */ = {
			isa = PBXResourcesBuildPhase;
			buildActionMask = 2147483647;
			files = (
				696014E5285F6E7100F61289 /* gpxgenerator_path.gpx in Resources */,
				69276AB02859FF4100C00A3E /* LaunchScreen.storyboard in Resources */,
				69276AAD2859FF4100C00A3E /* Assets.xcassets in Resources */,
				69276AAB2859FF3D00C00A3E /* Main.storyboard in Resources */,
			);
			runOnlyForDeploymentPostprocessing = 0;
		};
/* End PBXResourcesBuildPhase section */

/* Begin PBXSourcesBuildPhase section */
		69276A9C2859FF3D00C00A3E /* Sources */ = {
			isa = PBXSourcesBuildPhase;
			buildActionMask = 2147483647;
			files = (
				696014D9285DC64000F61289 /* MKMapView-Extension.swift in Sources */,
				696014D1285DC2FE00F61289 /* MapPointAnnotation.swift in Sources */,
				696014CF285DC25700F61289 /* LatLng.swift in Sources */,
				696014DF285DC72100F61289 /* TSegue.swift in Sources */,
				696014D3285DC38100F61289 /* LaunchVC.swift in Sources */,
				696014DD285DC6BB00F61289 /* LocationProtocol.swift in Sources */,
				69276AA42859FF3D00C00A3E /* AppDelegate.swift in Sources */,
				696014D5285DC3F500F61289 /* MapVC.swift in Sources */,
				696014D7285DC5E600F61289 /* Double-Extension.swift in Sources */,
				696014C9285DC19E00F61289 /* LocationService.swift in Sources */,
				696014DB285DC67900F61289 /* UIImage-extension.swift in Sources */,
				69276AA62859FF3D00C00A3E /* SceneDelegate.swift in Sources */,
				696014CB285DC1DF00F61289 /* Observable.swift in Sources */,
				696014CD285DC21D00F61289 /* ObservableOptions.swift in Sources */,
			);
			runOnlyForDeploymentPostprocessing = 0;
		};
/* End PBXSourcesBuildPhase section */

/* Begin PBXVariantGroup section */
		69276AA92859FF3D00C00A3E /* Main.storyboard */ = {
			isa = PBXVariantGroup;
			children = (
				69276AAA2859FF3D00C00A3E /* Base */,
			);
			name = Main.storyboard;
			sourceTree = "<group>";
		};
		69276AAE2859FF4100C00A3E /* LaunchScreen.storyboard */ = {
			isa = PBXVariantGroup;
			children = (
				69276AAF2859FF4100C00A3E /* Base */,
			);
			name = LaunchScreen.storyboard;
			sourceTree = "<group>";
		};
/* End PBXVariantGroup section */

/* Begin XCBuildConfiguration section */
		69276AB22859FF4100C00A3E /* Debug */ = {
			isa = XCBuildConfiguration;
			buildSettings = {
				ALWAYS_SEARCH_USER_PATHS = NO;
				CLANG_ANALYZER_NONNULL = YES;
				CLANG_ANALYZER_NUMBER_OBJECT_CONVERSION = YES_AGGRESSIVE;
				CLANG_CXX_LANGUAGE_STANDARD = "gnu++17";
				CLANG_ENABLE_MODULES = YES;
				CLANG_ENABLE_OBJC_ARC = YES;
				CLANG_ENABLE_OBJC_WEAK = YES;
				CLANG_WARN_BLOCK_CAPTURE_AUTORELEASING = YES;
				CLANG_WARN_BOOL_CONVERSION = YES;
				CLANG_WARN_COMMA = YES;
				CLANG_WARN_CONSTANT_CONVERSION = YES;
				CLANG_WARN_DEPRECATED_OBJC_IMPLEMENTATIONS = YES;
				CLANG_WARN_DIRECT_OBJC_ISA_USAGE = YES_ERROR;
				CLANG_WARN_DOCUMENTATION_COMMENTS = YES;
				CLANG_WARN_EMPTY_BODY = YES;
				CLANG_WARN_ENUM_CONVERSION = YES;
				CLANG_WARN_INFINITE_RECURSION = YES;
				CLANG_WARN_INT_CONVERSION = YES;
				CLANG_WARN_NON_LITERAL_NULL_CONVERSION = YES;
				CLANG_WARN_OBJC_IMPLICIT_RETAIN_SELF = YES;
				CLANG_WARN_OBJC_LITERAL_CONVERSION = YES;
				CLANG_WARN_OBJC_ROOT_CLASS = YES_ERROR;
				CLANG_WARN_QUOTED_INCLUDE_IN_FRAMEWORK_HEADER = YES;
				CLANG_WARN_RANGE_LOOP_ANALYSIS = YES;
				CLANG_WARN_STRICT_PROTOTYPES = YES;
				CLANG_WARN_SUSPICIOUS_MOVE = YES;
				CLANG_WARN_UNGUARDED_AVAILABILITY = YES_AGGRESSIVE;
				CLANG_WARN_UNREACHABLE_CODE = YES;
				CLANG_WARN__DUPLICATE_METHOD_MATCH = YES;
				COPY_PHASE_STRIP = NO;
				DEBUG_INFORMATION_FORMAT = dwarf;
				ENABLE_STRICT_OBJC_MSGSEND = YES;
				ENABLE_TESTABILITY = YES;
				GCC_C_LANGUAGE_STANDARD = gnu11;
				GCC_DYNAMIC_NO_PIC = NO;
				GCC_NO_COMMON_BLOCKS = YES;
				GCC_OPTIMIZATION_LEVEL = 0;
				GCC_PREPROCESSOR_DEFINITIONS = (
					"DEBUG=1",
					"$(inherited)",
				);
				GCC_WARN_64_TO_32_BIT_CONVERSION = YES;
				GCC_WARN_ABOUT_RETURN_TYPE = YES_ERROR;
				GCC_WARN_UNDECLARED_SELECTOR = YES;
				GCC_WARN_UNINITIALIZED_AUTOS = YES_AGGRESSIVE;
				GCC_WARN_UNUSED_FUNCTION = YES;
				GCC_WARN_UNUSED_VARIABLE = YES;
				IPHONEOS_DEPLOYMENT_TARGET = 15.4;
				MTL_ENABLE_DEBUG_INFO = INCLUDE_SOURCE;
				MTL_FAST_MATH = YES;
				ONLY_ACTIVE_ARCH = YES;
				SDKROOT = iphoneos;
				SWIFT_ACTIVE_COMPILATION_CONDITIONS = DEBUG;
				SWIFT_OPTIMIZATION_LEVEL = "-Onone";
			};
			name = Debug;
		};
		69276AB32859FF4100C00A3E /* Release */ = {
			isa = XCBuildConfiguration;
			buildSettings = {
				ALWAYS_SEARCH_USER_PATHS = NO;
				CLANG_ANALYZER_NONNULL = YES;
				CLANG_ANALYZER_NUMBER_OBJECT_CONVERSION = YES_AGGRESSIVE;
				CLANG_CXX_LANGUAGE_STANDARD = "gnu++17";
				CLANG_ENABLE_MODULES = YES;
				CLANG_ENABLE_OBJC_ARC = YES;
				CLANG_ENABLE_OBJC_WEAK = YES;
				CLANG_WARN_BLOCK_CAPTURE_AUTORELEASING = YES;
				CLANG_WARN_BOOL_CONVERSION = YES;
				CLANG_WARN_COMMA = YES;
				CLANG_WARN_CONSTANT_CONVERSION = YES;
				CLANG_WARN_DEPRECATED_OBJC_IMPLEMENTATIONS = YES;
				CLANG_WARN_DIRECT_OBJC_ISA_USAGE = YES_ERROR;
				CLANG_WARN_DOCUMENTATION_COMMENTS = YES;
				CLANG_WARN_EMPTY_BODY = YES;
				CLANG_WARN_ENUM_CONVERSION = YES;
				CLANG_WARN_INFINITE_RECURSION = YES;
				CLANG_WARN_INT_CONVERSION = YES;
				CLANG_WARN_NON_LITERAL_NULL_CONVERSION = YES;
				CLANG_WARN_OBJC_IMPLICIT_RETAIN_SELF = YES;
				CLANG_WARN_OBJC_LITERAL_CONVERSION = YES;
				CLANG_WARN_OBJC_ROOT_CLASS = YES_ERROR;
				CLANG_WARN_QUOTED_INCLUDE_IN_FRAMEWORK_HEADER = YES;
				CLANG_WARN_RANGE_LOOP_ANALYSIS = YES;
				CLANG_WARN_STRICT_PROTOTYPES = YES;
				CLANG_WARN_SUSPICIOUS_MOVE = YES;
				CLANG_WARN_UNGUARDED_AVAILABILITY = YES_AGGRESSIVE;
				CLANG_WARN_UNREACHABLE_CODE = YES;
				CLANG_WARN__DUPLICATE_METHOD_MATCH = YES;
				COPY_PHASE_STRIP = NO;
				DEBUG_INFORMATION_FORMAT = "dwarf-with-dsym";
				ENABLE_NS_ASSERTIONS = NO;
				ENABLE_STRICT_OBJC_MSGSEND = YES;
				GCC_C_LANGUAGE_STANDARD = gnu11;
				GCC_NO_COMMON_BLOCKS = YES;
				GCC_WARN_64_TO_32_BIT_CONVERSION = YES;
				GCC_WARN_ABOUT_RETURN_TYPE = YES_ERROR;
				GCC_WARN_UNDECLARED_SELECTOR = YES;
				GCC_WARN_UNINITIALIZED_AUTOS = YES_AGGRESSIVE;
				GCC_WARN_UNUSED_FUNCTION = YES;
				GCC_WARN_UNUSED_VARIABLE = YES;
				IPHONEOS_DEPLOYMENT_TARGET = 15.4;
				MTL_ENABLE_DEBUG_INFO = NO;
				MTL_FAST_MATH = YES;
				SDKROOT = iphoneos;
				SWIFT_COMPILATION_MODE = wholemodule;
				SWIFT_OPTIMIZATION_LEVEL = "-O";
				VALIDATE_PRODUCT = YES;
			};
			name = Release;
		};
		69276AB52859FF4100C00A3E /* Debug */ = {
			isa = XCBuildConfiguration;
			buildSettings = {
				ASSETCATALOG_COMPILER_APPICON_NAME = AppIcon;
				ASSETCATALOG_COMPILER_GLOBAL_ACCENT_COLOR_NAME = AccentColor;
				CODE_SIGN_STYLE = Automatic;
				CURRENT_PROJECT_VERSION = 1;
				DEVELOPMENT_TEAM = 83B86ZJ7T7;
				GENERATE_INFOPLIST_FILE = YES;
				INFOPLIST_FILE = GBFramework/Info.plist;
				INFOPLIST_KEY_NSLocationAlwaysAndWhenInUseUsageDescription = test;
				INFOPLIST_KEY_NSLocationAlwaysUsageDescription = test;
				INFOPLIST_KEY_NSLocationWhenInUseUsageDescription = test;
				INFOPLIST_KEY_UIApplicationSupportsIndirectInputEvents = YES;
				INFOPLIST_KEY_UILaunchStoryboardName = LaunchScreen;
				INFOPLIST_KEY_UIMainStoryboardFile = Main;
				INFOPLIST_KEY_UISupportedInterfaceOrientations_iPad = "UIInterfaceOrientationPortrait UIInterfaceOrientationPortraitUpsideDown UIInterfaceOrientationLandscapeLeft UIInterfaceOrientationLandscapeRight";
				INFOPLIST_KEY_UISupportedInterfaceOrientations_iPhone = "UIInterfaceOrientationPortrait UIInterfaceOrientationLandscapeLeft UIInterfaceOrientationLandscapeRight";
				IPHONEOS_DEPLOYMENT_TARGET = 15.4;
				LD_RUNPATH_SEARCH_PATHS = (
					"$(inherited)",
					"@executable_path/Frameworks",
				);
				MARKETING_VERSION = 1.0;
				PRODUCT_BUNDLE_IDENTIFIER = study.GBFramework;
				PRODUCT_NAME = "$(TARGET_NAME)";
				SWIFT_EMIT_LOC_STRINGS = YES;
				SWIFT_VERSION = 5.0;
				TARGETED_DEVICE_FAMILY = "1,2";
			};
			name = Debug;
		};
		69276AB62859FF4100C00A3E /* Release */ = {
			isa = XCBuildConfiguration;
			buildSettings = {
				ASSETCATALOG_COMPILER_APPICON_NAME = AppIcon;
				ASSETCATALOG_COMPILER_GLOBAL_ACCENT_COLOR_NAME = AccentColor;
				CODE_SIGN_STYLE = Automatic;
				CURRENT_PROJECT_VERSION = 1;
				DEVELOPMENT_TEAM = 83B86ZJ7T7;
				GENERATE_INFOPLIST_FILE = YES;
				INFOPLIST_FILE = GBFramework/Info.plist;
				INFOPLIST_KEY_NSLocationAlwaysAndWhenInUseUsageDescription = test;
				INFOPLIST_KEY_NSLocationAlwaysUsageDescription = test;
				INFOPLIST_KEY_NSLocationWhenInUseUsageDescription = test;
				INFOPLIST_KEY_UIApplicationSupportsIndirectInputEvents = YES;
				INFOPLIST_KEY_UILaunchStoryboardName = LaunchScreen;
				INFOPLIST_KEY_UIMainStoryboardFile = Main;
				INFOPLIST_KEY_UISupportedInterfaceOrientations_iPad = "UIInterfaceOrientationPortrait UIInterfaceOrientationPortraitUpsideDown UIInterfaceOrientationLandscapeLeft UIInterfaceOrientationLandscapeRight";
				INFOPLIST_KEY_UISupportedInterfaceOrientations_iPhone = "UIInterfaceOrientationPortrait UIInterfaceOrientationLandscapeLeft UIInterfaceOrientationLandscapeRight";
				IPHONEOS_DEPLOYMENT_TARGET = 15.4;
				LD_RUNPATH_SEARCH_PATHS = (
					"$(inherited)",
					"@executable_path/Frameworks",
				);
				MARKETING_VERSION = 1.0;
				ONLY_ACTIVE_ARCH = NO;
				PRODUCT_BUNDLE_IDENTIFIER = study.GBFramework;
				PRODUCT_NAME = "$(TARGET_NAME)";
				SWIFT_EMIT_LOC_STRINGS = YES;
				SWIFT_VERSION = 5.0;
				TARGETED_DEVICE_FAMILY = "1,2";
			};
			name = Release;
		};
/* End XCBuildConfiguration section */

/* Begin XCConfigurationList section */
		69276A9B2859FF3C00C00A3E /* Build configuration list for PBXProject "GBFramework" */ = {
			isa = XCConfigurationList;
			buildConfigurations = (
				69276AB22859FF4100C00A3E /* Debug */,
				69276AB32859FF4100C00A3E /* Release */,
			);
			defaultConfigurationIsVisible = 0;
			defaultConfigurationName = Release;
		};
		69276AB42859FF4100C00A3E /* Build configuration list for PBXNativeTarget "GBFramework" */ = {
			isa = XCConfigurationList;
			buildConfigurations = (
				69276AB52859FF4100C00A3E /* Debug */,
				69276AB62859FF4100C00A3E /* Release */,
			);
			defaultConfigurationIsVisible = 0;
			defaultConfigurationName = Release;
		};
/* End XCConfigurationList section */
	};
	rootObject = 69276A982859FF3C00C00A3E /* Project object */;
}
